{
  "name": "funcy.js",
  "version": "0.3.5-alpha",
  "lockfileVersion": 1,
  "requires": true,
  "dependencies": {
    "htm": {
      "version": "2.0.0",
      "resolved": "https://registry.npmjs.org/htm/-/htm-2.0.0.tgz",
      "integrity": "sha512-87XIGDvPnS0YcbQag5ES2xAH55q3QRA93YABCavDtMhV5TNQxcdpDkjMZvboBs8uW73Yy4I7Xnp8mrtBgQW/9A=="
    }
  }
}
